
Microsoft Visual Studio Solution File, Format Version 12.00
# Visual Studio Version 16
VisualStudioVersion = 16.0.34114.132
MinimumVisualStudioVersion = 10.0.40219.1
Project("{FAE04EC0-301F-11D3-BF4B-00C04F79EFBC}") = "E-learning platform", "E-learning platform\E-learning platform.csproj", "{06E262E9-5333-4264-9690-EE3AF80E2250}"
EndProject
Project("{FAE04EC0-301F-11D3-BF4B-00C04F79EFBC}") = "E-learning platform.Tests", "E-learning platform.Tests\E-learning platform.Tests.csproj", "{79F94BE0-3CF5-411E-B191-E8F6F933EB81}"
EndProject
Global
	GlobalSection(SolutionConfigurationPlatforms) = preSolution
		Debug|Any CPU = Debug|Any CPU
		Release|Any CPU = Release|Any CPU
	EndGlobalSection
	GlobalSection(ProjectConfigurationPlatforms) = postSolution
		{06E262E9-5333-4264-9690-EE3AF80E2250}.Debug|Any CPU.ActiveCfg = Debug|Any CPU
		{06E262E9-5333-4264-9690-EE3AF80E2250}.Debug|Any CPU.Build.0 = Debug|Any CPU
		{06E262E9-5333-4264-9690-EE3AF80E2250}.Release|Any CPU.ActiveCfg = Release|Any CPU
		{06E262E9-5333-4264-9690-EE3AF80E2250}.Release|Any CPU.Build.0 = Release|Any CPU
		{79F94BE0-3CF5-411E-B191-E8F6F933EB81}.Debug|Any CPU.ActiveCfg = Debug|Any CPU
		{79F94BE0-3CF5-411E-B191-E8F6F933EB81}.Debug|Any CPU.Build.0 = Debug|Any CPU
		{79F94BE0-3CF5-411E-B191-E8F6F933EB81}.Release|Any CPU.ActiveCfg = Release|Any CPU
		{79F94BE0-3CF5-411E-B191-E8F6F933EB81}.Release|Any CPU.Build.0 = Release|Any CPU
	EndGlobalSection
	GlobalSection(SolutionProperties) = preSolution
		HideSolutionNode = FALSE
	EndGlobalSection
	GlobalSection(ExtensibilityGlobals) = postSolution
		SolutionGuid = {37D7A9CF-7E39-42EF-8BBA-DFC63CFDB69B}
	EndGlobalSection
EndGlobal
